
Microsoft Visual Studio Solution File, Format Version 12.00
# Visual Studio Version 16
VisualStudioVersion = 16.0.30406.217
MinimumVisualStudioVersion = 10.0.40219.1
Project("{FAE04EC0-301F-11D3-BF4B-00C04F79EFBC}") = "EntryPoint", "UI\EntryPoint\EntryPoint.csproj", "{9C3B0238-E615-44B9-928A-22CADE5D29CE}"
	ProjectSection(ProjectDependencies) = postProject
		{901CEE7B-C3EF-4C4B-BDB6-1BEE9B2A734C} = {901CEE7B-C3EF-4C4B-BDB6-1BEE9B2A734C}
		{4AF0D1CE-22AE-4494-BDEE-DC393BAEE049} = {4AF0D1CE-22AE-4494-BDEE-DC393BAEE049}
	EndProjectSection
EndProject
Project("{FAE04EC0-301F-11D3-BF4B-00C04F79EFBC}") = "GameLogic", "Game\GameLogic\GameLogic.csproj", "{4AF0D1CE-22AE-4494-BDEE-DC393BAEE049}"
EndProject
Project("{FAE04EC0-301F-11D3-BF4B-00C04F79EFBC}") = "GameConnection", "Networking\GameConnection\GameConnection.csproj", "{901CEE7B-C3EF-4C4B-BDB6-1BEE9B2A734C}"
EndProject
Project("{FAE04EC0-301F-11D3-BF4B-00C04F79EFBC}") = "GameInterface", "Game\GameInterface\GameInterface.csproj", "{51D26596-8FB1-46DE-AC1A-F74B2C57EA52}"
EndProject
Project("{FAE04EC0-301F-11D3-BF4B-00C04F79EFBC}") = "ConnectionInterface", "Networking\BaseConnection\ConnectionInterface\ConnectionInterface.csproj", "{43BB9C02-03EF-4A17-92C9-B81F48F34951}"
EndProject
Project("{FAE04EC0-301F-11D3-BF4B-00C04F79EFBC}") = "TcpIPConnection", "Networking\BaseConnection\TcpIPConnection\TcpIPConnection.csproj", "{EC42DD43-0089-4F53-B7AA-3E635E3B6915}"
EndProject
Project("{FAE04EC0-301F-11D3-BF4B-00C04F79EFBC}") = "RemoteGameInterfaceImplementation", "Game\RemoteGameInterfaceImplementation\RemoteGameInterfaceImplementation.csproj", "{57B17EF9-4FB9-4631-AAE4-0EC69D55F52D}"
EndProject
Project("{FAE04EC0-301F-11D3-BF4B-00C04F79EFBC}") = "Factories", "Game\Factories\Factories.csproj", "{3381C836-2D5D-45B2-AD7B-A512CF123EC0}"
EndProject
Project("{FAE04EC0-301F-11D3-BF4B-00C04F79EFBC}") = "GameInterfaceImplementation", "Game\GameInterfaceImplementation\GameInterfaceImplementation.csproj", "{2E163A93-AFD0-4F38-9759-864EF7AEDB44}"
EndProject
Project("{FAE04EC0-301F-11D3-BF4B-00C04F79EFBC}") = "JsonSerialization", "Utilities\JsonSerialization\JsonSerialization.csproj", "{22CC54FF-A674-4D7A-9871-7AC59560194A}"
EndProject
Project("{FAE04EC0-301F-11D3-BF4B-00C04F79EFBC}") = "UIInterface", "UI\UIInterface\UIInterface.csproj", "{060B50AE-1D98-49D9-BFDA-6F2DB3708A11}"
EndProject
Project("{FAE04EC0-301F-11D3-BF4B-00C04F79EFBC}") = "Logic", "UI\Logic\Logic.csproj", "{2B3AE463-E3D5-4BA1-9AA9-3E505E2B6761}"
EndProject
Project("{FAE04EC0-301F-11D3-BF4B-00C04F79EFBC}") = "Controls", "UI\Controls\Controls.csproj", "{EB5FBFBE-A6E0-4B5F-8519-ED6B03C3702E}"
EndProject
Project("{2150E333-8FDC-42A3-9474-1A3956D46DE8}") = "UI", "UI", "{6499B77C-4D14-4AC9-AE14-04D8B1A572A2}"
EndProject
Project("{2150E333-8FDC-42A3-9474-1A3956D46DE8}") = "Game", "Game", "{D835068A-B0DD-4341-BF92-BCB4DF3348FA}"
EndProject
Project("{2150E333-8FDC-42A3-9474-1A3956D46DE8}") = "Networking", "Networking", "{377A1E92-5929-4AB1-A7D6-AA7AB6ECE6C2}"
EndProject
Project("{2150E333-8FDC-42A3-9474-1A3956D46DE8}") = "Utilities", "Utilities", "{175A0971-E746-42D2-941D-EB1B206C61C0}"
EndProject
Project("{2150E333-8FDC-42A3-9474-1A3956D46DE8}") = "BaseConnection", "BaseConnection", "{EA48300C-FF34-4C26-A7BF-9FF12130B387}"
EndProject
Global
	GlobalSection(SolutionConfigurationPlatforms) = preSolution
		Debug|Any CPU = Debug|Any CPU
		Release|Any CPU = Release|Any CPU
	EndGlobalSection
	GlobalSection(ProjectConfigurationPlatforms) = postSolution
		{9C3B0238-E615-44B9-928A-22CADE5D29CE}.Debug|Any CPU.ActiveCfg = Debug|Any CPU
		{9C3B0238-E615-44B9-928A-22CADE5D29CE}.Debug|Any CPU.Build.0 = Debug|Any CPU
		{9C3B0238-E615-44B9-928A-22CADE5D29CE}.Release|Any CPU.ActiveCfg = Release|Any CPU
		{9C3B0238-E615-44B9-928A-22CADE5D29CE}.Release|Any CPU.Build.0 = Release|Any CPU
		{4AF0D1CE-22AE-4494-BDEE-DC393BAEE049}.Debug|Any CPU.ActiveCfg = Debug|Any CPU
		{4AF0D1CE-22AE-4494-BDEE-DC393BAEE049}.Debug|Any CPU.Build.0 = Debug|Any CPU
		{4AF0D1CE-22AE-4494-BDEE-DC393BAEE049}.Release|Any CPU.ActiveCfg = Release|Any CPU
		{4AF0D1CE-22AE-4494-BDEE-DC393BAEE049}.Release|Any CPU.Build.0 = Release|Any CPU
		{901CEE7B-C3EF-4C4B-BDB6-1BEE9B2A734C}.Debug|Any CPU.ActiveCfg = Debug|Any CPU
		{901CEE7B-C3EF-4C4B-BDB6-1BEE9B2A734C}.Debug|Any CPU.Build.0 = Debug|Any CPU
		{901CEE7B-C3EF-4C4B-BDB6-1BEE9B2A734C}.Release|Any CPU.ActiveCfg = Release|Any CPU
		{901CEE7B-C3EF-4C4B-BDB6-1BEE9B2A734C}.Release|Any CPU.Build.0 = Release|Any CPU
		{51D26596-8FB1-46DE-AC1A-F74B2C57EA52}.Debug|Any CPU.ActiveCfg = Debug|Any CPU
		{51D26596-8FB1-46DE-AC1A-F74B2C57EA52}.Debug|Any CPU.Build.0 = Debug|Any CPU
		{51D26596-8FB1-46DE-AC1A-F74B2C57EA52}.Release|Any CPU.ActiveCfg = Release|Any CPU
		{51D26596-8FB1-46DE-AC1A-F74B2C57EA52}.Release|Any CPU.Build.0 = Release|Any CPU
		{43BB9C02-03EF-4A17-92C9-B81F48F34951}.Debug|Any CPU.ActiveCfg = Debug|Any CPU
		{43BB9C02-03EF-4A17-92C9-B81F48F34951}.Debug|Any CPU.Build.0 = Debug|Any CPU
		{43BB9C02-03EF-4A17-92C9-B81F48F34951}.Release|Any CPU.ActiveCfg = Release|Any CPU
		{43BB9C02-03EF-4A17-92C9-B81F48F34951}.Release|Any CPU.Build.0 = Release|Any CPU
		{EC42DD43-0089-4F53-B7AA-3E635E3B6915}.Debug|Any CPU.ActiveCfg = Debug|Any CPU
		{EC42DD43-0089-4F53-B7AA-3E635E3B6915}.Debug|Any CPU.Build.0 = Debug|Any CPU
		{EC42DD43-0089-4F53-B7AA-3E635E3B6915}.Release|Any CPU.ActiveCfg = Release|Any CPU
		{EC42DD43-0089-4F53-B7AA-3E635E3B6915}.Release|Any CPU.Build.0 = Release|Any CPU
		{57B17EF9-4FB9-4631-AAE4-0EC69D55F52D}.Debug|Any CPU.ActiveCfg = Debug|Any CPU
		{57B17EF9-4FB9-4631-AAE4-0EC69D55F52D}.Debug|Any CPU.Build.0 = Debug|Any CPU
		{57B17EF9-4FB9-4631-AAE4-0EC69D55F52D}.Release|Any CPU.ActiveCfg = Release|Any CPU
		{57B17EF9-4FB9-4631-AAE4-0EC69D55F52D}.Release|Any CPU.Build.0 = Release|Any CPU
		{3381C836-2D5D-45B2-AD7B-A512CF123EC0}.Debug|Any CPU.ActiveCfg = Debug|Any CPU
		{3381C836-2D5D-45B2-AD7B-A512CF123EC0}.Debug|Any CPU.Build.0 = Debug|Any CPU
		{3381C836-2D5D-45B2-AD7B-A512CF123EC0}.Release|Any CPU.ActiveCfg = Release|Any CPU
		{3381C836-2D5D-45B2-AD7B-A512CF123EC0}.Release|Any CPU.Build.0 = Release|Any CPU
		{2E163A93-AFD0-4F38-9759-864EF7AEDB44}.Debug|Any CPU.ActiveCfg = Debug|Any CPU
		{2E163A93-AFD0-4F38-9759-864EF7AEDB44}.Debug|Any CPU.Build.0 = Debug|Any CPU
		{2E163A93-AFD0-4F38-9759-864EF7AEDB44}.Release|Any CPU.ActiveCfg = Release|Any CPU
		{2E163A93-AFD0-4F38-9759-864EF7AEDB44}.Release|Any CPU.Build.0 = Release|Any CPU
		{22CC54FF-A674-4D7A-9871-7AC59560194A}.Debug|Any CPU.ActiveCfg = Debug|Any CPU
		{22CC54FF-A674-4D7A-9871-7AC59560194A}.Debug|Any CPU.Build.0 = Debug|Any CPU
		{22CC54FF-A674-4D7A-9871-7AC59560194A}.Release|Any CPU.ActiveCfg = Release|Any CPU
		{22CC54FF-A674-4D7A-9871-7AC59560194A}.Release|Any CPU.Build.0 = Release|Any CPU
		{060B50AE-1D98-49D9-BFDA-6F2DB3708A11}.Debug|Any CPU.ActiveCfg = Debug|Any CPU
		{060B50AE-1D98-49D9-BFDA-6F2DB3708A11}.Debug|Any CPU.Build.0 = Debug|Any CPU
		{060B50AE-1D98-49D9-BFDA-6F2DB3708A11}.Release|Any CPU.ActiveCfg = Release|Any CPU
		{060B50AE-1D98-49D9-BFDA-6F2DB3708A11}.Release|Any CPU.Build.0 = Release|Any CPU
		{2B3AE463-E3D5-4BA1-9AA9-3E505E2B6761}.Debug|Any CPU.ActiveCfg = Debug|Any CPU
		{2B3AE463-E3D5-4BA1-9AA9-3E505E2B6761}.Debug|Any CPU.Build.0 = Debug|Any CPU
		{2B3AE463-E3D5-4BA1-9AA9-3E505E2B6761}.Release|Any CPU.ActiveCfg = Release|Any CPU
		{2B3AE463-E3D5-4BA1-9AA9-3E505E2B6761}.Release|Any CPU.Build.0 = Release|Any CPU
		{EB5FBFBE-A6E0-4B5F-8519-ED6B03C3702E}.Debug|Any CPU.ActiveCfg = Debug|Any CPU
		{EB5FBFBE-A6E0-4B5F-8519-ED6B03C3702E}.Debug|Any CPU.Build.0 = Debug|Any CPU
		{EB5FBFBE-A6E0-4B5F-8519-ED6B03C3702E}.Release|Any CPU.ActiveCfg = Release|Any CPU
		{EB5FBFBE-A6E0-4B5F-8519-ED6B03C3702E}.Release|Any CPU.Build.0 = Release|Any CPU
	EndGlobalSection
	GlobalSection(SolutionProperties) = preSolution
		HideSolutionNode = FALSE
	EndGlobalSection
	GlobalSection(NestedProjects) = preSolution
		{9C3B0238-E615-44B9-928A-22CADE5D29CE} = {6499B77C-4D14-4AC9-AE14-04D8B1A572A2}
		{4AF0D1CE-22AE-4494-BDEE-DC393BAEE049} = {D835068A-B0DD-4341-BF92-BCB4DF3348FA}
		{901CEE7B-C3EF-4C4B-BDB6-1BEE9B2A734C} = {377A1E92-5929-4AB1-A7D6-AA7AB6ECE6C2}
		{51D26596-8FB1-46DE-AC1A-F74B2C57EA52} = {D835068A-B0DD-4341-BF92-BCB4DF3348FA}
		{43BB9C02-03EF-4A17-92C9-B81F48F34951} = {EA48300C-FF34-4C26-A7BF-9FF12130B387}
		{EC42DD43-0089-4F53-B7AA-3E635E3B6915} = {EA48300C-FF34-4C26-A7BF-9FF12130B387}
		{57B17EF9-4FB9-4631-AAE4-0EC69D55F52D} = {D835068A-B0DD-4341-BF92-BCB4DF3348FA}
		{3381C836-2D5D-45B2-AD7B-A512CF123EC0} = {D835068A-B0DD-4341-BF92-BCB4DF3348FA}
		{2E163A93-AFD0-4F38-9759-864EF7AEDB44} = {D835068A-B0DD-4341-BF92-BCB4DF3348FA}
		{22CC54FF-A674-4D7A-9871-7AC59560194A} = {175A0971-E746-42D2-941D-EB1B206C61C0}
		{060B50AE-1D98-49D9-BFDA-6F2DB3708A11} = {6499B77C-4D14-4AC9-AE14-04D8B1A572A2}
		{2B3AE463-E3D5-4BA1-9AA9-3E505E2B6761} = {6499B77C-4D14-4AC9-AE14-04D8B1A572A2}
		{EB5FBFBE-A6E0-4B5F-8519-ED6B03C3702E} = {6499B77C-4D14-4AC9-AE14-04D8B1A572A2}
		{EA48300C-FF34-4C26-A7BF-9FF12130B387} = {377A1E92-5929-4AB1-A7D6-AA7AB6ECE6C2}
	EndGlobalSection
	GlobalSection(ExtensibilityGlobals) = postSolution
		SolutionGuid = {4126AAA1-A9C2-466A-B43F-012AEF3025E0}
	EndGlobalSection
EndGlobal
